
Microsoft Visual Studio Solution File, Format Version 12.00
# Visual Studio Version 16
VisualStudioVersion = 16.0.33328.57
MinimumVisualStudioVersion = 10.0.40219.1
Project("{FAE04EC0-301F-11D3-BF4B-00C04F79EFBC}") = "FMODUnity", "FMODUnity.csproj", "{0538A066-E105-7E49-0386-3452F8A5F18E}"
EndProject
Project("{FAE04EC0-301F-11D3-BF4B-00C04F79EFBC}") = "Assembly-CSharp", "Assembly-CSharp.csproj", "{2D354C79-29AE-68CD-340F-08D5C4129C5C}"
EndProject
Project("{FAE04EC0-301F-11D3-BF4B-00C04F79EFBC}") = "FMODUnityResonance", "FMODUnityResonance.csproj", "{CF37D33C-0C75-1118-57B0-79A0EBCD7870}"
EndProject
Project("{FAE04EC0-301F-11D3-BF4B-00C04F79EFBC}") = "FMODUnityEditor", "FMODUnityEditor.csproj", "{CF810598-39C6-DD60-D2F9-5443A6552B88}"
EndProject
Project("{FAE04EC0-301F-11D3-BF4B-00C04F79EFBC}") = "FMODUnityResonanceEditor", "FMODUnityResonanceEditor.csproj", "{8A8F160B-DD71-DB03-4D08-816FC8F4B69D}"
EndProject
Global
	GlobalSection(SolutionConfigurationPlatforms) = preSolution
		Debug|Any CPU = Debug|Any CPU
		Release|Any CPU = Release|Any CPU
	EndGlobalSection
	GlobalSection(ProjectConfigurationPlatforms) = postSolution
		{0538A066-E105-7E49-0386-3452F8A5F18E}.Debug|Any CPU.ActiveCfg = Debug|Any CPU
		{0538A066-E105-7E49-0386-3452F8A5F18E}.Debug|Any CPU.Build.0 = Debug|Any CPU
		{0538A066-E105-7E49-0386-3452F8A5F18E}.Release|Any CPU.ActiveCfg = Release|Any CPU
		{0538A066-E105-7E49-0386-3452F8A5F18E}.Release|Any CPU.Build.0 = Release|Any CPU
		{2D354C79-29AE-68CD-340F-08D5C4129C5C}.Debug|Any CPU.ActiveCfg = Debug|Any CPU
		{2D354C79-29AE-68CD-340F-08D5C4129C5C}.Debug|Any CPU.Build.0 = Debug|Any CPU
		{2D354C79-29AE-68CD-340F-08D5C4129C5C}.Release|Any CPU.ActiveCfg = Release|Any CPU
		{2D354C79-29AE-68CD-340F-08D5C4129C5C}.Release|Any CPU.Build.0 = Release|Any CPU
		{CF37D33C-0C75-1118-57B0-79A0EBCD7870}.Debug|Any CPU.ActiveCfg = Debug|Any CPU
		{CF37D33C-0C75-1118-57B0-79A0EBCD7870}.Debug|Any CPU.Build.0 = Debug|Any CPU
		{CF37D33C-0C75-1118-57B0-79A0EBCD7870}.Release|Any CPU.ActiveCfg = Release|Any CPU
		{CF37D33C-0C75-1118-57B0-79A0EBCD7870}.Release|Any CPU.Build.0 = Release|Any CPU
		{CF810598-39C6-DD60-D2F9-5443A6552B88}.Debug|Any CPU.ActiveCfg = Debug|Any CPU
		{CF810598-39C6-DD60-D2F9-5443A6552B88}.Debug|Any CPU.Build.0 = Debug|Any CPU
		{CF810598-39C6-DD60-D2F9-5443A6552B88}.Release|Any CPU.ActiveCfg = Release|Any CPU
		{CF810598-39C6-DD60-D2F9-5443A6552B88}.Release|Any CPU.Build.0 = Release|Any CPU
		{8A8F160B-DD71-DB03-4D08-816FC8F4B69D}.Debug|Any CPU.ActiveCfg = Debug|Any CPU
		{8A8F160B-DD71-DB03-4D08-816FC8F4B69D}.Debug|Any CPU.Build.0 = Debug|Any CPU
		{8A8F160B-DD71-DB03-4D08-816FC8F4B69D}.Release|Any CPU.ActiveCfg = Release|Any CPU
		{8A8F160B-DD71-DB03-4D08-816FC8F4B69D}.Release|Any CPU.Build.0 = Release|Any CPU
	EndGlobalSection
	GlobalSection(SolutionProperties) = preSolution
		HideSolutionNode = FALSE
	EndGlobalSection
	GlobalSection(ExtensibilityGlobals) = postSolution
		SolutionGuid = {D2D8FE1A-6440-42C0-B458-7DC059122880}
	EndGlobalSection
EndGlobal
